// !$*UTF8*$!
{
	archiveVersion = 1;
	classes = {
	};
	objectVersion = 46;
	objects = {

/* Begin PBXBuildFile section */
		1D63E4AC1C922CE900D8863B /* Assets.xcassets in Resources */ = {isa = PBXBuildFile; fileRef = 1D63E4AB1C922CE900D8863B /* Assets.xcassets */; };
		3904B0591CE6A544001FD949 /* DropDownDelegate.swift in Sources */ = {isa = PBXBuildFile; fileRef = 3904B0581CE6A544001FD949 /* DropDownDelegate.swift */; };
		390C52F01CEABE76002E7E76 /* HistoryTableViewController.swift in Sources */ = {isa = PBXBuildFile; fileRef = 390C52EF1CEABE76002E7E76 /* HistoryTableViewController.swift */; };
		390C52F31CEABF7D002E7E76 /* HistoryCell.swift in Sources */ = {isa = PBXBuildFile; fileRef = 390C52F11CEABF7D002E7E76 /* HistoryCell.swift */; };
		390C52F41CEABF7D002E7E76 /* HistoryCell.xib in Resources */ = {isa = PBXBuildFile; fileRef = 390C52F21CEABF7D002E7E76 /* HistoryCell.xib */; };
		39579E231CD821C800E0ED6D /* MemberCell.xib in Resources */ = {isa = PBXBuildFile; fileRef = 39579E211CD821C800E0ED6D /* MemberCell.xib */; };
		39579E241CD821C800E0ED6D /* MemberCell.swift in Sources */ = {isa = PBXBuildFile; fileRef = 39579E221CD821C800E0ED6D /* MemberCell.swift */; };
		39579E271CD8249500E0ED6D /* GroupCell.swift in Sources */ = {isa = PBXBuildFile; fileRef = 39579E251CD8249500E0ED6D /* GroupCell.swift */; };
		39579E281CD8249500E0ED6D /* GroupCell.xib in Resources */ = {isa = PBXBuildFile; fileRef = 39579E261CD8249500E0ED6D /* GroupCell.xib */; };
		39579E2A1CD8264C00E0ED6D /* Group.swift in Sources */ = {isa = PBXBuildFile; fileRef = 39579E291CD8264C00E0ED6D /* Group.swift */; };
		395C9FF61CE533410073D283 /* TransactionViewController.swift in Sources */ = {isa = PBXBuildFile; fileRef = 395C9FF41CE533410073D283 /* TransactionViewController.swift */; };
		395C9FF71CE533410073D283 /* TransactionViewController.xib in Resources */ = {isa = PBXBuildFile; fileRef = 395C9FF51CE533410073D283 /* TransactionViewController.xib */; };
		395C9FFA1CE534470073D283 /* DatePickerViewController.swift in Sources */ = {isa = PBXBuildFile; fileRef = 395C9FF81CE534470073D283 /* DatePickerViewController.swift */; };
		395C9FFB1CE534470073D283 /* DatePickerViewController.xib in Resources */ = {isa = PBXBuildFile; fileRef = 395C9FF91CE534470073D283 /* DatePickerViewController.xib */; };
		396CC9F81CCED67A00E4AC1D /* CreateViewController.xib in Resources */ = {isa = PBXBuildFile; fileRef = 396CC9F61CCED67A00E4AC1D /* CreateViewController.xib */; };
		396CC9FB1CCED6E200E4AC1D /* LoginViewController.xib in Resources */ = {isa = PBXBuildFile; fileRef = 396CC9FA1CCED6E200E4AC1D /* LoginViewController.xib */; };
		397308E81CD95460008540C1 /* Spinner.swift in Sources */ = {isa = PBXBuildFile; fileRef = 397308E71CD95460008540C1 /* Spinner.swift */; };
		397784E11CD3E72F000F7600 /* StorageManager.swift in Sources */ = {isa = PBXBuildFile; fileRef = 397784E01CD3E72F000F7600 /* StorageManager.swift */; };
		397784F11CD3E91A000F7600 /* GroupTableViewController.swift in Sources */ = {isa = PBXBuildFile; fileRef = 397784E91CD3E8FC000F7600 /* GroupTableViewController.swift */; };
		397D9DAA1CE6DDA4007BA953 /* ReloadDelegate.swift in Sources */ = {isa = PBXBuildFile; fileRef = 397D9DA91CE6DDA4007BA953 /* ReloadDelegate.swift */; };
		397F65DB1CE01CE20028CB86 /* OptionsViewController.swift in Sources */ = {isa = PBXBuildFile; fileRef = 397F65D91CE01CE20028CB86 /* OptionsViewController.swift */; };
		397F65DC1CE01CE20028CB86 /* OptionsViewController.xib in Resources */ = {isa = PBXBuildFile; fileRef = 397F65DA1CE01CE20028CB86 /* OptionsViewController.xib */; };
		397F65E01CE02EE50028CB86 /* OptionCell.swift in Sources */ = {isa = PBXBuildFile; fileRef = 397F65DE1CE02EE50028CB86 /* OptionCell.swift */; };
		397F65E11CE02EE50028CB86 /* OptionCell.xib in Resources */ = {isa = PBXBuildFile; fileRef = 397F65DF1CE02EE50028CB86 /* OptionCell.xib */; };
		398284B91CEA575A00969398 /* GroupButtonBarDelegate.swift in Sources */ = {isa = PBXBuildFile; fileRef = 398284B81CEA575A00969398 /* GroupButtonBarDelegate.swift */; };
		398D8EB71CDDC62100CC045E /* CreateCell.swift in Sources */ = {isa = PBXBuildFile; fileRef = 398D8EB51CDDC62100CC045E /* CreateCell.swift */; };
		398D8EB81CDDC62100CC045E /* CreateCell.xib in Resources */ = {isa = PBXBuildFile; fileRef = 398D8EB61CDDC62100CC045E /* CreateCell.xib */; };
		398D8EBA1CDDD04200CC045E /* User.swift in Sources */ = {isa = PBXBuildFile; fileRef = 398D8EB91CDDD04200CC045E /* User.swift */; };
		39A04F081CE18A45006B89C1 /* Status.swift in Sources */ = {isa = PBXBuildFile; fileRef = 39A04F071CE18A45006B89C1 /* Status.swift */; };
		39A54C291DCB18880033A402 /* CryptoSwift.framework in Embed Frameworks */ = {isa = PBXBuildFile; fileRef = 39A54C281DCB18880033A402 /* CryptoSwift.framework */; settings = {ATTRIBUTES = (CodeSignOnCopy, RemoveHeadersOnCopy, ); }; };
		39A54C2A1DCB18D90033A402 /* CryptoSwift.framework in Frameworks */ = {isa = PBXBuildFile; fileRef = 39A54C281DCB18880033A402 /* CryptoSwift.framework */; };
		39AB43A61CC9AAAA004F9937 /* Bolts.framework in Frameworks */ = {isa = PBXBuildFile; fileRef = 39AB43A41CC9AAAA004F9937 /* Bolts.framework */; };
		39AB43A71CC9AAAA004F9937 /* Parse.framework in Frameworks */ = {isa = PBXBuildFile; fileRef = 39AB43A51CC9AAAA004F9937 /* Parse.framework */; };
		39AB43B21CC9AB9E004F9937 /* AudioToolbox.framework in Frameworks */ = {isa = PBXBuildFile; fileRef = 39AB43A81CC9AB9E004F9937 /* AudioToolbox.framework */; };
		39AB43B31CC9AB9E004F9937 /* CFNetwork.framework in Frameworks */ = {isa = PBXBuildFile; fileRef = 39AB43A91CC9AB9E004F9937 /* CFNetwork.framework */; };
		39AB43B41CC9AB9E004F9937 /* CoreGraphics.framework in Frameworks */ = {isa = PBXBuildFile; fileRef = 39AB43AA1CC9AB9E004F9937 /* CoreGraphics.framework */; };
		39AB43B51CC9AB9F004F9937 /* CoreLocation.framework in Frameworks */ = {isa = PBXBuildFile; fileRef = 39AB43AB1CC9AB9E004F9937 /* CoreLocation.framework */; };
		39AB43B61CC9AB9F004F9937 /* libsqlite3.tbd in Frameworks */ = {isa = PBXBuildFile; fileRef = 39AB43AC1CC9AB9E004F9937 /* libsqlite3.tbd */; };
		39AB43B71CC9AB9F004F9937 /* libz.tbd in Frameworks */ = {isa = PBXBuildFile; fileRef = 39AB43AD1CC9AB9E004F9937 /* libz.tbd */; };
		39AB43B81CC9AB9F004F9937 /* QuartzCore.framework in Frameworks */ = {isa = PBXBuildFile; fileRef = 39AB43AE1CC9AB9E004F9937 /* QuartzCore.framework */; };
		39AB43B91CC9AB9F004F9937 /* Security.framework in Frameworks */ = {isa = PBXBuildFile; fileRef = 39AB43AF1CC9AB9E004F9937 /* Security.framework */; };
		39AB43BA1CC9AB9F004F9937 /* StoreKit.framework in Frameworks */ = {isa = PBXBuildFile; fileRef = 39AB43B01CC9AB9E004F9937 /* StoreKit.framework */; };
		39AB43BB1CC9AB9F004F9937 /* SystemConfiguration.framework in Frameworks */ = {isa = PBXBuildFile; fileRef = 39AB43B11CC9AB9E004F9937 /* SystemConfiguration.framework */; };
		39AE7D511CE67A7000438AE8 /* DatePickerVCDelegate.swift in Sources */ = {isa = PBXBuildFile; fileRef = 39AE7D501CE67A7000438AE8 /* DatePickerVCDelegate.swift */; };
		39AE7D541CE6878500438AE8 /* DropDownCell.swift in Sources */ = {isa = PBXBuildFile; fileRef = 39AE7D521CE6878500438AE8 /* DropDownCell.swift */; };
		39AE7D551CE6878500438AE8 /* DropDownCell.xib in Resources */ = {isa = PBXBuildFile; fileRef = 39AE7D531CE6878500438AE8 /* DropDownCell.xib */; };
		39AE7D571CE687E500438AE8 /* DropDownTable.swift in Sources */ = {isa = PBXBuildFile; fileRef = 39AE7D561CE687E500438AE8 /* DropDownTable.swift */; };
		39B6398D1CD41DF2002269A8 /* VariableManager.swift in Sources */ = {isa = PBXBuildFile; fileRef = 39B6398C1CD41DF2002269A8 /* VariableManager.swift */; };
		39B6398F1CD4228C002269A8 /* NetworkManager.swift in Sources */ = {isa = PBXBuildFile; fileRef = 39B6398E1CD4228C002269A8 /* NetworkManager.swift */; };
		39BFF4071CAF03B700CCA5D3 /* SettingsViewController.xib in Resources */ = {isa = PBXBuildFile; fileRef = 39BFF4051CAF03B700CCA5D3 /* SettingsViewController.xib */; };
		39C00DF81CDB10E600D6F9C6 /* MemberTableViewController.swift in Sources */ = {isa = PBXBuildFile; fileRef = 39C00DF71CDB10E600D6F9C6 /* MemberTableViewController.swift */; };
		39CA4A351CCEE16D00FC15A8 /* AppDelegate.swift in Sources */ = {isa = PBXBuildFile; fileRef = 1D63E4A41C922CE900D8863B /* AppDelegate.swift */; };
		39CA4A361CCEE17800FC15A8 /* CreateViewController.swift in Sources */ = {isa = PBXBuildFile; fileRef = 3978787F1CC9EA410052DF04 /* CreateViewController.swift */; };
		39CA4A371CCEE17800FC15A8 /* CreateViewController.xib in Sources */ = {isa = PBXBuildFile; fileRef = 396CC9F61CCED67A00E4AC1D /* CreateViewController.xib */; };
		39CA4A381CCEE17800FC15A8 /* LoginViewController.swift in Sources */ = {isa = PBXBuildFile; fileRef = 39AB43C41CC9CB3B004F9937 /* LoginViewController.swift */; };
		39CA4A391CCEE17800FC15A8 /* LoginViewController.xib in Sources */ = {isa = PBXBuildFile; fileRef = 396CC9FA1CCED6E200E4AC1D /* LoginViewController.xib */; };
		39CA4A3A1CCEE17800FC15A8 /* SettingsViewController.swift in Sources */ = {isa = PBXBuildFile; fileRef = 39BFF4001CAF007200CCA5D3 /* SettingsViewController.swift */; };
		39CA4A3B1CCEE17800FC15A8 /* SettingsViewController.xib in Sources */ = {isa = PBXBuildFile; fileRef = 39BFF4051CAF03B700CCA5D3 /* SettingsViewController.xib */; };
		39CA4A3D1CCEE17800FC15A8 /* TabViewController.swift in Sources */ = {isa = PBXBuildFile; fileRef = 397EBAB21CCEA26500E2A56B /* TabViewController.swift */; };
		39CA4A3E1CCEE17800FC15A8 /* Transaction.swift in Sources */ = {isa = PBXBuildFile; fileRef = 1D63E4DE1C937E9300D8863B /* Transaction.swift */; };
		39CA4A451CCEF11600FC15A8 /* NewBillViewController.swift in Sources */ = {isa = PBXBuildFile; fileRef = 39CA4A431CCEF11600FC15A8 /* NewBillViewController.swift */; };
		39CA4A461CCEF11600FC15A8 /* NewBillViewController.xib in Resources */ = {isa = PBXBuildFile; fileRef = 39CA4A441CCEF11600FC15A8 /* NewBillViewController.xib */; };
		39DA301D1CD9758B0029EAA7 /* SpinnerView.swift in Sources */ = {isa = PBXBuildFile; fileRef = 39DA301C1CD9758B0029EAA7 /* SpinnerView.swift */; };
		39DEB6AE1CD7DC8400BA0440 /* MeViewController.swift in Sources */ = {isa = PBXBuildFile; fileRef = 39DEB6AC1CD7DC8400BA0440 /* MeViewController.swift */; };
		39DEB6AF1CD7DC8400BA0440 /* MeViewController.xib in Resources */ = {isa = PBXBuildFile; fileRef = 39DEB6AD1CD7DC8400BA0440 /* MeViewController.xib */; };
/* End PBXBuildFile section */

/* Begin PBXCopyFilesBuildPhase section */
		391A24191CCF253B00884A27 /* Embed Frameworks */ = {
			isa = PBXCopyFilesBuildPhase;
			buildActionMask = 2147483647;
			dstPath = "";
			dstSubfolderSpec = 10;
			files = (
				39A54C291DCB18880033A402 /* CryptoSwift.framework in Embed Frameworks */,
			);
			name = "Embed Frameworks";
			runOnlyForDeploymentPostprocessing = 0;
		};
/* End PBXCopyFilesBuildPhase section */

/* Begin PBXFileReference section */
		1D63E4A11C922CE900D8863B /* BillSplitter.app */ = {isa = PBXFileReference; explicitFileType = wrapper.application; includeInIndex = 0; path = BillSplitter.app; sourceTree = BUILT_PRODUCTS_DIR; };
		1D63E4A41C922CE900D8863B /* AppDelegate.swift */ = {isa = PBXFileReference; lastKnownFileType = sourcecode.swift; path = AppDelegate.swift; sourceTree = "<group>"; };
		1D63E4AB1C922CE900D8863B /* Assets.xcassets */ = {isa = PBXFileReference; lastKnownFileType = folder.assetcatalog; name = Assets.xcassets; path = ../BillSplitter/Assets.xcassets; sourceTree = "<group>"; };
		1D63E4B01C922CE900D8863B /* Info.plist */ = {isa = PBXFileReference; lastKnownFileType = text.plist.xml; name = Info.plist; path = ../BillSplitter/Info.plist; sourceTree = "<group>"; };
		1D63E4DE1C937E9300D8863B /* Transaction.swift */ = {isa = PBXFileReference; fileEncoding = 4; lastKnownFileType = sourcecode.swift; name = Transaction.swift; path = ../BillSplitter/Transaction.swift; sourceTree = "<group>"; };
		3904B0581CE6A544001FD949 /* DropDownDelegate.swift */ = {isa = PBXFileReference; fileEncoding = 4; lastKnownFileType = sourcecode.swift; path = DropDownDelegate.swift; sourceTree = "<group>"; };
		390C52EF1CEABE76002E7E76 /* HistoryTableViewController.swift */ = {isa = PBXFileReference; fileEncoding = 4; lastKnownFileType = sourcecode.swift; path = HistoryTableViewController.swift; sourceTree = "<group>"; };
		390C52F11CEABF7D002E7E76 /* HistoryCell.swift */ = {isa = PBXFileReference; fileEncoding = 4; lastKnownFileType = sourcecode.swift; path = HistoryCell.swift; sourceTree = "<group>"; };
		390C52F21CEABF7D002E7E76 /* HistoryCell.xib */ = {isa = PBXFileReference; fileEncoding = 4; lastKnownFileType = file.xib; path = HistoryCell.xib; sourceTree = "<group>"; };
		39579E211CD821C800E0ED6D /* MemberCell.xib */ = {isa = PBXFileReference; fileEncoding = 4; lastKnownFileType = file.xib; path = MemberCell.xib; sourceTree = "<group>"; };
		39579E221CD821C800E0ED6D /* MemberCell.swift */ = {isa = PBXFileReference; fileEncoding = 4; lastKnownFileType = sourcecode.swift; path = MemberCell.swift; sourceTree = "<group>"; };
		39579E251CD8249500E0ED6D /* GroupCell.swift */ = {isa = PBXFileReference; fileEncoding = 4; lastKnownFileType = sourcecode.swift; path = GroupCell.swift; sourceTree = "<group>"; };
		39579E261CD8249500E0ED6D /* GroupCell.xib */ = {isa = PBXFileReference; fileEncoding = 4; lastKnownFileType = file.xib; path = GroupCell.xib; sourceTree = "<group>"; };
		39579E291CD8264C00E0ED6D /* Group.swift */ = {isa = PBXFileReference; fileEncoding = 4; lastKnownFileType = sourcecode.swift; path = Group.swift; sourceTree = "<group>"; };
		395C9FF41CE533410073D283 /* TransactionViewController.swift */ = {isa = PBXFileReference; fileEncoding = 4; lastKnownFileType = sourcecode.swift; path = TransactionViewController.swift; sourceTree = "<group>"; };
		395C9FF51CE533410073D283 /* TransactionViewController.xib */ = {isa = PBXFileReference; fileEncoding = 4; lastKnownFileType = file.xib; path = TransactionViewController.xib; sourceTree = "<group>"; };
		395C9FF81CE534470073D283 /* DatePickerViewController.swift */ = {isa = PBXFileReference; fileEncoding = 4; lastKnownFileType = sourcecode.swift; path = DatePickerViewController.swift; sourceTree = "<group>"; };
		395C9FF91CE534470073D283 /* DatePickerViewController.xib */ = {isa = PBXFileReference; fileEncoding = 4; lastKnownFileType = file.xib; path = DatePickerViewController.xib; sourceTree = "<group>"; };
		3964E7651DB9EB3200EFC0AF /* CryptoSwift */ = {isa = PBXFileReference; lastKnownFileType = folder; path = CryptoSwift; sourceTree = "<group>"; };
		396CC9F61CCED67A00E4AC1D /* CreateViewController.xib */ = {isa = PBXFileReference; fileEncoding = 4; lastKnownFileType = file.xib; name = CreateViewController.xib; path = BillSplitter/CreateViewController.xib; sourceTree = SOURCE_ROOT; };
		396CC9FA1CCED6E200E4AC1D /* LoginViewController.xib */ = {isa = PBXFileReference; fileEncoding = 4; lastKnownFileType = file.xib; name = LoginViewController.xib; path = BillSplitter/LoginViewController.xib; sourceTree = SOURCE_ROOT; };
		397308E71CD95460008540C1 /* Spinner.swift */ = {isa = PBXFileReference; fileEncoding = 4; lastKnownFileType = sourcecode.swift; path = Spinner.swift; sourceTree = "<group>"; };
		397784E01CD3E72F000F7600 /* StorageManager.swift */ = {isa = PBXFileReference; fileEncoding = 4; lastKnownFileType = sourcecode.swift; path = StorageManager.swift; sourceTree = "<group>"; };
		397784E91CD3E8FC000F7600 /* GroupTableViewController.swift */ = {isa = PBXFileReference; fileEncoding = 4; lastKnownFileType = sourcecode.swift; path = GroupTableViewController.swift; sourceTree = "<group>"; };
		3978787F1CC9EA410052DF04 /* CreateViewController.swift */ = {isa = PBXFileReference; fileEncoding = 4; lastKnownFileType = sourcecode.swift; name = CreateViewController.swift; path = ../BillSplitter/CreateViewController.swift; sourceTree = "<group>"; };
		397D9DA91CE6DDA4007BA953 /* ReloadDelegate.swift */ = {isa = PBXFileReference; fileEncoding = 4; lastKnownFileType = sourcecode.swift; path = ReloadDelegate.swift; sourceTree = "<group>"; };
		397EBAB21CCEA26500E2A56B /* TabViewController.swift */ = {isa = PBXFileReference; fileEncoding = 4; lastKnownFileType = sourcecode.swift; name = TabViewController.swift; path = ../BillSplitter/TabViewController.swift; sourceTree = "<group>"; };
		397F65D91CE01CE20028CB86 /* OptionsViewController.swift */ = {isa = PBXFileReference; fileEncoding = 4; lastKnownFileType = sourcecode.swift; path = OptionsViewController.swift; sourceTree = "<group>"; };
		397F65DA1CE01CE20028CB86 /* OptionsViewController.xib */ = {isa = PBXFileReference; fileEncoding = 4; lastKnownFileType = file.xib; path = OptionsViewController.xib; sourceTree = "<group>"; };
		397F65DE1CE02EE50028CB86 /* OptionCell.swift */ = {isa = PBXFileReference; fileEncoding = 4; lastKnownFileType = sourcecode.swift; path = OptionCell.swift; sourceTree = "<group>"; };
		397F65DF1CE02EE50028CB86 /* OptionCell.xib */ = {isa = PBXFileReference; fileEncoding = 4; lastKnownFileType = file.xib; path = OptionCell.xib; sourceTree = "<group>"; };
		398284B81CEA575A00969398 /* GroupButtonBarDelegate.swift */ = {isa = PBXFileReference; fileEncoding = 4; lastKnownFileType = sourcecode.swift; path = GroupButtonBarDelegate.swift; sourceTree = "<group>"; };
		398D8EB51CDDC62100CC045E /* CreateCell.swift */ = {isa = PBXFileReference; fileEncoding = 4; lastKnownFileType = sourcecode.swift; path = CreateCell.swift; sourceTree = "<group>"; };
		398D8EB61CDDC62100CC045E /* CreateCell.xib */ = {isa = PBXFileReference; fileEncoding = 4; lastKnownFileType = file.xib; path = CreateCell.xib; sourceTree = "<group>"; };
		398D8EB91CDDD04200CC045E /* User.swift */ = {isa = PBXFileReference; fileEncoding = 4; lastKnownFileType = sourcecode.swift; path = User.swift; sourceTree = "<group>"; };
		39A04F071CE18A45006B89C1 /* Status.swift */ = {isa = PBXFileReference; fileEncoding = 4; lastKnownFileType = sourcecode.swift; path = Status.swift; sourceTree = "<group>"; };
		39A54C281DCB18880033A402 /* CryptoSwift.framework */ = {isa = PBXFileReference; lastKnownFileType = wrapper.framework; path = CryptoSwift.framework; sourceTree = "<group>"; };
		39AB43A41CC9AAAA004F9937 /* Bolts.framework */ = {isa = PBXFileReference; lastKnownFileType = wrapper.framework; path = Bolts.framework; sourceTree = "<group>"; };
		39AB43A51CC9AAAA004F9937 /* Parse.framework */ = {isa = PBXFileReference; lastKnownFileType = wrapper.framework; path = Parse.framework; sourceTree = "<group>"; };
		39AB43A81CC9AB9E004F9937 /* AudioToolbox.framework */ = {isa = PBXFileReference; lastKnownFileType = wrapper.framework; name = AudioToolbox.framework; path = System/Library/Frameworks/AudioToolbox.framework; sourceTree = SDKROOT; };
		39AB43A91CC9AB9E004F9937 /* CFNetwork.framework */ = {isa = PBXFileReference; lastKnownFileType = wrapper.framework; name = CFNetwork.framework; path = System/Library/Frameworks/CFNetwork.framework; sourceTree = SDKROOT; };
		39AB43AA1CC9AB9E004F9937 /* CoreGraphics.framework */ = {isa = PBXFileReference; lastKnownFileType = wrapper.framework; name = CoreGraphics.framework; path = System/Library/Frameworks/CoreGraphics.framework; sourceTree = SDKROOT; };
		39AB43AB1CC9AB9E004F9937 /* CoreLocation.framework */ = {isa = PBXFileReference; lastKnownFileType = wrapper.framework; name = CoreLocation.framework; path = System/Library/Frameworks/CoreLocation.framework; sourceTree = SDKROOT; };
		39AB43AC1CC9AB9E004F9937 /* libsqlite3.tbd */ = {isa = PBXFileReference; lastKnownFileType = "sourcecode.text-based-dylib-definition"; name = libsqlite3.tbd; path = usr/lib/libsqlite3.tbd; sourceTree = SDKROOT; };
		39AB43AD1CC9AB9E004F9937 /* libz.tbd */ = {isa = PBXFileReference; lastKnownFileType = "sourcecode.text-based-dylib-definition"; name = libz.tbd; path = usr/lib/libz.tbd; sourceTree = SDKROOT; };
		39AB43AE1CC9AB9E004F9937 /* QuartzCore.framework */ = {isa = PBXFileReference; lastKnownFileType = wrapper.framework; name = QuartzCore.framework; path = System/Library/Frameworks/QuartzCore.framework; sourceTree = SDKROOT; };
		39AB43AF1CC9AB9E004F9937 /* Security.framework */ = {isa = PBXFileReference; lastKnownFileType = wrapper.framework; name = Security.framework; path = System/Library/Frameworks/Security.framework; sourceTree = SDKROOT; };
		39AB43B01CC9AB9E004F9937 /* StoreKit.framework */ = {isa = PBXFileReference; lastKnownFileType = wrapper.framework; name = StoreKit.framework; path = System/Library/Frameworks/StoreKit.framework; sourceTree = SDKROOT; };
		39AB43B11CC9AB9E004F9937 /* SystemConfiguration.framework */ = {isa = PBXFileReference; lastKnownFileType = wrapper.framework; name = SystemConfiguration.framework; path = System/Library/Frameworks/SystemConfiguration.framework; sourceTree = SDKROOT; };
		39AB43C41CC9CB3B004F9937 /* LoginViewController.swift */ = {isa = PBXFileReference; fileEncoding = 4; lastKnownFileType = sourcecode.swift; name = LoginViewController.swift; path = ../BillSplitter/LoginViewController.swift; sourceTree = "<group>"; };
		39AE7D501CE67A7000438AE8 /* DatePickerVCDelegate.swift */ = {isa = PBXFileReference; fileEncoding = 4; lastKnownFileType = sourcecode.swift; path = DatePickerVCDelegate.swift; sourceTree = "<group>"; };
		39AE7D521CE6878500438AE8 /* DropDownCell.swift */ = {isa = PBXFileReference; fileEncoding = 4; lastKnownFileType = sourcecode.swift; path = DropDownCell.swift; sourceTree = "<group>"; };
		39AE7D531CE6878500438AE8 /* DropDownCell.xib */ = {isa = PBXFileReference; fileEncoding = 4; lastKnownFileType = file.xib; path = DropDownCell.xib; sourceTree = "<group>"; };
		39AE7D561CE687E500438AE8 /* DropDownTable.swift */ = {isa = PBXFileReference; fileEncoding = 4; lastKnownFileType = sourcecode.swift; path = DropDownTable.swift; sourceTree = "<group>"; };
		39B6398C1CD41DF2002269A8 /* VariableManager.swift */ = {isa = PBXFileReference; fileEncoding = 4; lastKnownFileType = sourcecode.swift; path = VariableManager.swift; sourceTree = "<group>"; };
		39B6398E1CD4228C002269A8 /* NetworkManager.swift */ = {isa = PBXFileReference; fileEncoding = 4; lastKnownFileType = sourcecode.swift; path = NetworkManager.swift; sourceTree = "<group>"; };
		39BFF4001CAF007200CCA5D3 /* SettingsViewController.swift */ = {isa = PBXFileReference; fileEncoding = 4; lastKnownFileType = sourcecode.swift; name = SettingsViewController.swift; path = ../BillSplitter/SettingsViewController.swift; sourceTree = "<group>"; };
		39BFF4051CAF03B700CCA5D3 /* SettingsViewController.xib */ = {isa = PBXFileReference; fileEncoding = 4; lastKnownFileType = file.xib; name = SettingsViewController.xib; path = ../BillSplitter/SettingsViewController.xib; sourceTree = "<group>"; };
		39C00DF71CDB10E600D6F9C6 /* MemberTableViewController.swift */ = {isa = PBXFileReference; fileEncoding = 4; lastKnownFileType = sourcecode.swift; path = MemberTableViewController.swift; sourceTree = "<group>"; };
		39CA4A431CCEF11600FC15A8 /* NewBillViewController.swift */ = {isa = PBXFileReference; fileEncoding = 4; lastKnownFileType = sourcecode.swift; path = NewBillViewController.swift; sourceTree = "<group>"; };
		39CA4A441CCEF11600FC15A8 /* NewBillViewController.xib */ = {isa = PBXFileReference; fileEncoding = 4; lastKnownFileType = file.xib; path = NewBillViewController.xib; sourceTree = "<group>"; };
		39DA301C1CD9758B0029EAA7 /* SpinnerView.swift */ = {isa = PBXFileReference; fileEncoding = 4; lastKnownFileType = sourcecode.swift; path = SpinnerView.swift; sourceTree = "<group>"; };
		39DEB6AC1CD7DC8400BA0440 /* MeViewController.swift */ = {isa = PBXFileReference; fileEncoding = 4; lastKnownFileType = sourcecode.swift; path = MeViewController.swift; sourceTree = "<group>"; };
		39DEB6AD1CD7DC8400BA0440 /* MeViewController.xib */ = {isa = PBXFileReference; fileEncoding = 4; lastKnownFileType = file.xib; path = MeViewController.xib; sourceTree = "<group>"; };
		39FDB0181DC9769800E16DE9 /* CryptoSwift.framework */ = {isa = PBXFileReference; lastKnownFileType = wrapper.framework; path = CryptoSwift.framework; sourceTree = "<group>"; };
/* End PBXFileReference section */

/* Begin PBXFrameworksBuildPhase section */
		1D63E49E1C922CE900D8863B /* Frameworks */ = {
			isa = PBXFrameworksBuildPhase;
			buildActionMask = 2147483647;
			files = (
				39A54C2A1DCB18D90033A402 /* CryptoSwift.framework in Frameworks */,
				39AB43B21CC9AB9E004F9937 /* AudioToolbox.framework in Frameworks */,
				39AB43B31CC9AB9E004F9937 /* CFNetwork.framework in Frameworks */,
				39AB43B41CC9AB9E004F9937 /* CoreGraphics.framework in Frameworks */,
				39AB43B51CC9AB9F004F9937 /* CoreLocation.framework in Frameworks */,
				39AB43B61CC9AB9F004F9937 /* libsqlite3.tbd in Frameworks */,
				39AB43B71CC9AB9F004F9937 /* libz.tbd in Frameworks */,
				39AB43B81CC9AB9F004F9937 /* QuartzCore.framework in Frameworks */,
				39AB43B91CC9AB9F004F9937 /* Security.framework in Frameworks */,
				39AB43BA1CC9AB9F004F9937 /* StoreKit.framework in Frameworks */,
				39AB43BB1CC9AB9F004F9937 /* SystemConfiguration.framework in Frameworks */,
				39AB43A71CC9AAAA004F9937 /* Parse.framework in Frameworks */,
				39AB43A61CC9AAAA004F9937 /* Bolts.framework in Frameworks */,
			);
			runOnlyForDeploymentPostprocessing = 0;
		};
/* End PBXFrameworksBuildPhase section */

/* Begin PBXGroup section */
		1D63E4981C922CE900D8863B = {
			isa = PBXGroup;
			children = (
				39A54C281DCB18880033A402 /* CryptoSwift.framework */,
				39AB43A81CC9AB9E004F9937 /* AudioToolbox.framework */,
				39AB43A91CC9AB9E004F9937 /* CFNetwork.framework */,
				39AB43AA1CC9AB9E004F9937 /* CoreGraphics.framework */,
				39AB43AB1CC9AB9E004F9937 /* CoreLocation.framework */,
				39AB43AC1CC9AB9E004F9937 /* libsqlite3.tbd */,
				39AB43AD1CC9AB9E004F9937 /* libz.tbd */,
				39AB43AE1CC9AB9E004F9937 /* QuartzCore.framework */,
				39AB43AF1CC9AB9E004F9937 /* Security.framework */,
				39AB43B01CC9AB9E004F9937 /* StoreKit.framework */,
				39AB43B11CC9AB9E004F9937 /* SystemConfiguration.framework */,
				39AB43A41CC9AAAA004F9937 /* Bolts.framework */,
				39AB43A51CC9AAAA004F9937 /* Parse.framework */,
				1D63E4A31C922CE900D8863B /* BillSplitter */,
				1D63E4A21C922CE900D8863B /* Products */,
				3964E7641DB9EB3200EFC0AF /* Frameworks */,
			);
			sourceTree = "<group>";
		};
		1D63E4A21C922CE900D8863B /* Products */ = {
			isa = PBXGroup;
			children = (
				1D63E4A11C922CE900D8863B /* BillSplitter.app */,
			);
			name = Products;
			sourceTree = "<group>";
		};
		1D63E4A31C922CE900D8863B /* BillSplitter */ = {
			isa = PBXGroup;
			children = (
				1D63E4B01C922CE900D8863B /* Info.plist */,
				1D63E4A41C922CE900D8863B /* AppDelegate.swift */,
				3978787F1CC9EA410052DF04 /* CreateViewController.swift */,
				39579E291CD8264C00E0ED6D /* Group.swift */,
				39AB43C41CC9CB3B004F9937 /* LoginViewController.swift */,
				39DEB6AC1CD7DC8400BA0440 /* MeViewController.swift */,
				39B6398E1CD4228C002269A8 /* NetworkManager.swift */,
				39CA4A431CCEF11600FC15A8 /* NewBillViewController.swift */,
				39BFF4001CAF007200CCA5D3 /* SettingsViewController.swift */,
				397308E71CD95460008540C1 /* Spinner.swift */,
				39DA301C1CD9758B0029EAA7 /* SpinnerView.swift */,
				39A04F071CE18A45006B89C1 /* Status.swift */,
				397784E01CD3E72F000F7600 /* StorageManager.swift */,
				397EBAB21CCEA26500E2A56B /* TabViewController.swift */,
				1D63E4DE1C937E9300D8863B /* Transaction.swift */,
				398D8EB91CDDD04200CC045E /* User.swift */,
				39B6398C1CD41DF2002269A8 /* VariableManager.swift */,
				1D63E4AB1C922CE900D8863B /* Assets.xcassets */,
				396CC9F61CCED67A00E4AC1D /* CreateViewController.xib */,
				396CC9FA1CCED6E200E4AC1D /* LoginViewController.xib */,
				39DEB6AD1CD7DC8400BA0440 /* MeViewController.xib */,
				39CA4A441CCEF11600FC15A8 /* NewBillViewController.xib */,
				39BFF4051CAF03B700CCA5D3 /* SettingsViewController.xib */,
				395C9FFC1CE534510073D283 /* NewTransaction */,
				397F65DD1CE01E5B0028CB86 /* Options */,
				397784E81CD3E8E7000F7600 /* Summary */,
			);
			path = BillSplitter;
			sourceTree = "<group>";
		};
		395C9FFC1CE534510073D283 /* NewTransaction */ = {
			isa = PBXGroup;
			children = (
				395C9FF41CE533410073D283 /* TransactionViewController.swift */,
				395C9FF51CE533410073D283 /* TransactionViewController.xib */,
				395C9FF81CE534470073D283 /* DatePickerViewController.swift */,
				395C9FF91CE534470073D283 /* DatePickerViewController.xib */,
				39AE7D501CE67A7000438AE8 /* DatePickerVCDelegate.swift */,
				39AE7D521CE6878500438AE8 /* DropDownCell.swift */,
				39AE7D531CE6878500438AE8 /* DropDownCell.xib */,
				39AE7D561CE687E500438AE8 /* DropDownTable.swift */,
				3904B0581CE6A544001FD949 /* DropDownDelegate.swift */,
				397D9DA91CE6DDA4007BA953 /* ReloadDelegate.swift */,
			);
			name = NewTransaction;
			sourceTree = "<group>";
		};
		3964E7641DB9EB3200EFC0AF /* Frameworks */ = {
			isa = PBXGroup;
			children = (
				39FDB0181DC9769800E16DE9 /* CryptoSwift.framework */,
				3964E7651DB9EB3200EFC0AF /* CryptoSwift */,
			);
			name = Frameworks;
			sourceTree = "<group>";
		};
		397784E81CD3E8E7000F7600 /* Summary */ = {
			isa = PBXGroup;
			children = (
				397784E91CD3E8FC000F7600 /* GroupTableViewController.swift */,
				39579E251CD8249500E0ED6D /* GroupCell.swift */,
				39579E261CD8249500E0ED6D /* GroupCell.xib */,
				39C00DF71CDB10E600D6F9C6 /* MemberTableViewController.swift */,
				39579E221CD821C800E0ED6D /* MemberCell.swift */,
				39579E211CD821C800E0ED6D /* MemberCell.xib */,
				398D8EB51CDDC62100CC045E /* CreateCell.swift */,
				398D8EB61CDDC62100CC045E /* CreateCell.xib */,
				398284B81CEA575A00969398 /* GroupButtonBarDelegate.swift */,
				390C52EF1CEABE76002E7E76 /* HistoryTableViewController.swift */,
				390C52F11CEABF7D002E7E76 /* HistoryCell.swift */,
				390C52F21CEABF7D002E7E76 /* HistoryCell.xib */,
			);
			name = Summary;
			sourceTree = "<group>";
		};
		397F65DD1CE01E5B0028CB86 /* Options */ = {
			isa = PBXGroup;
			children = (
				397F65D91CE01CE20028CB86 /* OptionsViewController.swift */,
				397F65DA1CE01CE20028CB86 /* OptionsViewController.xib */,
				397F65DE1CE02EE50028CB86 /* OptionCell.swift */,
				397F65DF1CE02EE50028CB86 /* OptionCell.xib */,
			);
			name = Options;
			sourceTree = "<group>";
		};
/* End PBXGroup section */

/* Begin PBXNativeTarget section */
		1D63E4A01C922CE900D8863B /* BillSplitter */ = {
			isa = PBXNativeTarget;
			buildConfigurationList = 1D63E4C91C922CEA00D8863B /* Build configuration list for PBXNativeTarget "BillSplitter" */;
			buildPhases = (
				1D63E49D1C922CE900D8863B /* Sources */,
				1D63E49E1C922CE900D8863B /* Frameworks */,
				1D63E49F1C922CE900D8863B /* Resources */,
				391A24191CCF253B00884A27 /* Embed Frameworks */,
			);
			buildRules = (
			);
			dependencies = (
			);
			name = BillSplitter;
			productName = p2;
			productReference = 1D63E4A11C922CE900D8863B /* BillSplitter.app */;
			productType = "com.apple.product-type.application";
		};
/* End PBXNativeTarget section */

/* Begin PBXProject section */
		1D63E4991C922CE900D8863B /* Project object */ = {
			isa = PBXProject;
			attributes = {
				LastSwiftUpdateCheck = 0720;
				LastUpgradeCheck = 0810;
				ORGANIZATIONNAME = "Davis Mariotti";
				TargetAttributes = {
					1D63E4A01C922CE900D8863B = {
						CreatedOnToolsVersion = 7.2.1;
						DevelopmentTeam = 89C3C5UDK7;
						LastSwiftMigration = 0810;
					};
				};
			};
			buildConfigurationList = 1D63E49C1C922CE900D8863B /* Build configuration list for PBXProject "BillSplitter" */;
			compatibilityVersion = "Xcode 3.2";
			developmentRegion = English;
			hasScannedForEncodings = 0;
			knownRegions = (
				en,
				Base,
			);
			mainGroup = 1D63E4981C922CE900D8863B;
			productRefGroup = 1D63E4A21C922CE900D8863B /* Products */;
			projectDirPath = "";
			projectRoot = "";
			targets = (
				1D63E4A01C922CE900D8863B /* BillSplitter */,
			);
		};
/* End PBXProject section */

/* Begin PBXResourcesBuildPhase section */
		1D63E49F1C922CE900D8863B /* Resources */ = {
			isa = PBXResourcesBuildPhase;
			buildActionMask = 2147483647;
			files = (
				39DEB6AF1CD7DC8400BA0440 /* MeViewController.xib in Resources */,
				39579E231CD821C800E0ED6D /* MemberCell.xib in Resources */,
				390C52F41CEABF7D002E7E76 /* HistoryCell.xib in Resources */,
				396CC9FB1CCED6E200E4AC1D /* LoginViewController.xib in Resources */,
				39AE7D551CE6878500438AE8 /* DropDownCell.xib in Resources */,
				39579E281CD8249500E0ED6D /* GroupCell.xib in Resources */,
				396CC9F81CCED67A00E4AC1D /* CreateViewController.xib in Resources */,
				398D8EB81CDDC62100CC045E /* CreateCell.xib in Resources */,
				397F65E11CE02EE50028CB86 /* OptionCell.xib in Resources */,
				1D63E4AC1C922CE900D8863B /* Assets.xcassets in Resources */,
				39CA4A461CCEF11600FC15A8 /* NewBillViewController.xib in Resources */,
				397F65DC1CE01CE20028CB86 /* OptionsViewController.xib in Resources */,
				395C9FF71CE533410073D283 /* TransactionViewController.xib in Resources */,
				395C9FFB1CE534470073D283 /* DatePickerViewController.xib in Resources */,
				39BFF4071CAF03B700CCA5D3 /* SettingsViewController.xib in Resources */,
			);
			runOnlyForDeploymentPostprocessing = 0;
		};
/* End PBXResourcesBuildPhase section */

/* Begin PBXSourcesBuildPhase section */
		1D63E49D1C922CE900D8863B /* Sources */ = {
			isa = PBXSourcesBuildPhase;
			buildActionMask = 2147483647;
			files = (
				398D8EBA1CDDD04200CC045E /* User.swift in Sources */,
				39C00DF81CDB10E600D6F9C6 /* MemberTableViewController.swift in Sources */,
				39DEB6AE1CD7DC8400BA0440 /* MeViewController.swift in Sources */,
				39AE7D571CE687E500438AE8 /* DropDownTable.swift in Sources */,
				397784F11CD3E91A000F7600 /* GroupTableViewController.swift in Sources */,
				39579E271CD8249500E0ED6D /* GroupCell.swift in Sources */,
				39579E2A1CD8264C00E0ED6D /* Group.swift in Sources */,
				390C52F31CEABF7D002E7E76 /* HistoryCell.swift in Sources */,
				39B6398D1CD41DF2002269A8 /* VariableManager.swift in Sources */,
				395C9FFA1CE534470073D283 /* DatePickerViewController.swift in Sources */,
				39CA4A361CCEE17800FC15A8 /* CreateViewController.swift in Sources */,
				397D9DAA1CE6DDA4007BA953 /* ReloadDelegate.swift in Sources */,
				39AE7D511CE67A7000438AE8 /* DatePickerVCDelegate.swift in Sources */,
				39CA4A371CCEE17800FC15A8 /* CreateViewController.xib in Sources */,
				39CA4A451CCEF11600FC15A8 /* NewBillViewController.swift in Sources */,
				397308E81CD95460008540C1 /* Spinner.swift in Sources */,
				39CA4A381CCEE17800FC15A8 /* LoginViewController.swift in Sources */,
				39579E241CD821C800E0ED6D /* MemberCell.swift in Sources */,
				39A04F081CE18A45006B89C1 /* Status.swift in Sources */,
				398284B91CEA575A00969398 /* GroupButtonBarDelegate.swift in Sources */,
				395C9FF61CE533410073D283 /* TransactionViewController.swift in Sources */,
				397F65E01CE02EE50028CB86 /* OptionCell.swift in Sources */,
				39CA4A391CCEE17800FC15A8 /* LoginViewController.xib in Sources */,
				39B6398F1CD4228C002269A8 /* NetworkManager.swift in Sources */,
				39CA4A3A1CCEE17800FC15A8 /* SettingsViewController.swift in Sources */,
				39CA4A3B1CCEE17800FC15A8 /* SettingsViewController.xib in Sources */,
				39CA4A3D1CCEE17800FC15A8 /* TabViewController.swift in Sources */,
				3904B0591CE6A544001FD949 /* DropDownDelegate.swift in Sources */,
				397F65DB1CE01CE20028CB86 /* OptionsViewController.swift in Sources */,
				398D8EB71CDDC62100CC045E /* CreateCell.swift in Sources */,
				39CA4A3E1CCEE17800FC15A8 /* Transaction.swift in Sources */,
				397784E11CD3E72F000F7600 /* StorageManager.swift in Sources */,
				390C52F01CEABE76002E7E76 /* HistoryTableViewController.swift in Sources */,
				39DA301D1CD9758B0029EAA7 /* SpinnerView.swift in Sources */,
				39AE7D541CE6878500438AE8 /* DropDownCell.swift in Sources */,
				39CA4A351CCEE16D00FC15A8 /* AppDelegate.swift in Sources */,
			);
			runOnlyForDeploymentPostprocessing = 0;
		};
/* End PBXSourcesBuildPhase section */

/* Begin XCBuildConfiguration section */
		1D63E4C71C922CEA00D8863B /* Debug */ = {
			isa = XCBuildConfiguration;
			buildSettings = {
				ALWAYS_SEARCH_USER_PATHS = NO;
				CLANG_CXX_LANGUAGE_STANDARD = "gnu++0x";
				CLANG_CXX_LIBRARY = "libc++";
				CLANG_ENABLE_MODULES = YES;
				CLANG_ENABLE_OBJC_ARC = YES;
				CLANG_WARN_BOOL_CONVERSION = YES;
				CLANG_WARN_CONSTANT_CONVERSION = YES;
				CLANG_WARN_DIRECT_OBJC_ISA_USAGE = YES_ERROR;
				CLANG_WARN_EMPTY_BODY = YES;
				CLANG_WARN_ENUM_CONVERSION = YES;
				CLANG_WARN_INFINITE_RECURSION = YES;
				CLANG_WARN_INT_CONVERSION = YES;
				CLANG_WARN_OBJC_ROOT_CLASS = YES_ERROR;
				CLANG_WARN_SUSPICIOUS_MOVE = YES;
				CLANG_WARN_UNREACHABLE_CODE = YES;
				CLANG_WARN__DUPLICATE_METHOD_MATCH = YES;
				CODE_SIGN_IDENTITY = "iPhone Developer: davismariotti@gmail.com (5JWWGTPNB2)";
				"CODE_SIGN_IDENTITY[sdk=iphoneos*]" = "iPhone Developer: davismariotti@gmail.com (5JWWGTPNB2)";
				COPY_PHASE_STRIP = NO;
				DEBUG_INFORMATION_FORMAT = dwarf;
				DEVELOPMENT_TEAM = 89C3C5UDK7;
				ENABLE_STRICT_OBJC_MSGSEND = YES;
				ENABLE_TESTABILITY = YES;
				GCC_C_LANGUAGE_STANDARD = gnu99;
				GCC_DYNAMIC_NO_PIC = NO;
				GCC_NO_COMMON_BLOCKS = YES;
				GCC_OPTIMIZATION_LEVEL = 0;
				GCC_PREPROCESSOR_DEFINITIONS = (
					"DEBUG=1",
					"$(inherited)",
				);
				GCC_WARN_64_TO_32_BIT_CONVERSION = YES;
				GCC_WARN_ABOUT_RETURN_TYPE = YES_ERROR;
				GCC_WARN_UNDECLARED_SELECTOR = YES;
				GCC_WARN_UNINITIALIZED_AUTOS = YES_AGGRESSIVE;
				GCC_WARN_UNUSED_FUNCTION = YES;
				GCC_WARN_UNUSED_VARIABLE = YES;
				IPHONEOS_DEPLOYMENT_TARGET = 10.1;
				MTL_ENABLE_DEBUG_INFO = YES;
				ONLY_ACTIVE_ARCH = YES;
				SDKROOT = iphoneos;
				SWIFT_OPTIMIZATION_LEVEL = "-Onone";
			};
			name = Debug;
		};
		1D63E4C81C922CEA00D8863B /* Release */ = {
			isa = XCBuildConfiguration;
			buildSettings = {
				ALWAYS_SEARCH_USER_PATHS = NO;
				CLANG_CXX_LANGUAGE_STANDARD = "gnu++0x";
				CLANG_CXX_LIBRARY = "libc++";
				CLANG_ENABLE_MODULES = YES;
				CLANG_ENABLE_OBJC_ARC = YES;
				CLANG_WARN_BOOL_CONVERSION = YES;
				CLANG_WARN_CONSTANT_CONVERSION = YES;
				CLANG_WARN_DIRECT_OBJC_ISA_USAGE = YES_ERROR;
				CLANG_WARN_EMPTY_BODY = YES;
				CLANG_WARN_ENUM_CONVERSION = YES;
				CLANG_WARN_INFINITE_RECURSION = YES;
				CLANG_WARN_INT_CONVERSION = YES;
				CLANG_WARN_OBJC_ROOT_CLASS = YES_ERROR;
				CLANG_WARN_SUSPICIOUS_MOVE = YES;
				CLANG_WARN_UNREACHABLE_CODE = YES;
				CLANG_WARN__DUPLICATE_METHOD_MATCH = YES;
				CODE_SIGN_IDENTITY = "iPhone Developer: davismariotti@gmail.com (5JWWGTPNB2)";
				"CODE_SIGN_IDENTITY[sdk=iphoneos*]" = "iPhone Developer: davismariotti@gmail.com (5JWWGTPNB2)";
				COPY_PHASE_STRIP = NO;
				DEBUG_INFORMATION_FORMAT = "dwarf-with-dsym";
				DEVELOPMENT_TEAM = 89C3C5UDK7;
				ENABLE_NS_ASSERTIONS = NO;
				ENABLE_STRICT_OBJC_MSGSEND = YES;
				GCC_C_LANGUAGE_STANDARD = gnu99;
				GCC_NO_COMMON_BLOCKS = YES;
				GCC_WARN_64_TO_32_BIT_CONVERSION = YES;
				GCC_WARN_ABOUT_RETURN_TYPE = YES_ERROR;
				GCC_WARN_UNDECLARED_SELECTOR = YES;
				GCC_WARN_UNINITIALIZED_AUTOS = YES_AGGRESSIVE;
				GCC_WARN_UNUSED_FUNCTION = YES;
				GCC_WARN_UNUSED_VARIABLE = YES;
				IPHONEOS_DEPLOYMENT_TARGET = 10.1;
				MTL_ENABLE_DEBUG_INFO = NO;
				SDKROOT = iphoneos;
				SWIFT_OPTIMIZATION_LEVEL = "-Owholemodule";
				VALIDATE_PRODUCT = YES;
			};
			name = Release;
		};
		1D63E4CA1C922CEA00D8863B /* Debug */ = {
			isa = XCBuildConfiguration;
			buildSettings = {
				ASSETCATALOG_COMPILER_APPICON_NAME = AppIcon;
				CODE_SIGN_IDENTITY = "iPhone Developer: davismariotti@gmail.com (5JWWGTPNB2)";
				"CODE_SIGN_IDENTITY[sdk=iphoneos*]" = "iPhone Developer: davismariotti@gmail.com (5JWWGTPNB2)";
				DEVELOPMENT_TEAM = 89C3C5UDK7;
				FRAMEWORK_SEARCH_PATHS = (
					"$(inherited)",
					"$(PROJECT_DIR)",
				);
				INFOPLIST_FILE = BillSplitter/Info.plist;
				IPHONEOS_DEPLOYMENT_TARGET = 10.0;
				LD_RUNPATH_SEARCH_PATHS = "$(inherited) @executable_path/Frameworks";
				PRODUCT_BUNDLE_IDENTIFIER = info.gomeow;
				PRODUCT_NAME = BillSplitter;
				PROVISIONING_PROFILE = "";
				SDKROOT = iphoneos;
				SWIFT_VERSION = 3.0;
				TARGETED_DEVICE_FAMILY = "1,2";
			};
			name = Debug;
		};
		1D63E4CB1C922CEA00D8863B /* Release */ = {
			isa = XCBuildConfiguration;
			buildSettings = {
				ASSETCATALOG_COMPILER_APPICON_NAME = AppIcon;
				CODE_SIGN_IDENTITY = "iPhone Developer: davismariotti@gmail.com (5JWWGTPNB2)";
				"CODE_SIGN_IDENTITY[sdk=iphoneos*]" = "iPhone Developer: davismariotti@gmail.com (5JWWGTPNB2)";
				DEVELOPMENT_TEAM = 89C3C5UDK7;
				FRAMEWORK_SEARCH_PATHS = (
					"$(inherited)",
					"$(PROJECT_DIR)",
				);
				INFOPLIST_FILE = BillSplitter/Info.plist;
				IPHONEOS_DEPLOYMENT_TARGET = 10.0;
				LD_RUNPATH_SEARCH_PATHS = "$(inherited) @executable_path/Frameworks";
				PRODUCT_BUNDLE_IDENTIFIER = info.gomeow;
				PRODUCT_NAME = BillSplitter;
				PROVISIONING_PROFILE = "";
				SDKROOT = iphoneos;
				SWIFT_VERSION = 3.0;
				TARGETED_DEVICE_FAMILY = "1,2";
			};
			name = Release;
		};
/* End XCBuildConfiguration section */

/* Begin XCConfigurationList section */
		1D63E49C1C922CE900D8863B /* Build configuration list for PBXProject "BillSplitter" */ = {
			isa = XCConfigurationList;
			buildConfigurations = (
				1D63E4C71C922CEA00D8863B /* Debug */,
				1D63E4C81C922CEA00D8863B /* Release */,
			);
			defaultConfigurationIsVisible = 0;
			defaultConfigurationName = Release;
		};
		1D63E4C91C922CEA00D8863B /* Build configuration list for PBXNativeTarget "BillSplitter" */ = {
			isa = XCConfigurationList;
			buildConfigurations = (
				1D63E4CA1C922CEA00D8863B /* Debug */,
				1D63E4CB1C922CEA00D8863B /* Release */,
			);
			defaultConfigurationIsVisible = 0;
			defaultConfigurationName = Release;
		};
/* End XCConfigurationList section */
	};
	rootObject = 1D63E4991C922CE900D8863B /* Project object */;
}
