// !$*UTF8*$!
{
	archiveVersion = 1;
	classes = {
	};
	objectVersion = 46;
	objects = {

/* Begin PBXBuildFile section */
		1D63E4AA1C922CE900D8863B /* Main.storyboard in Resources */ = {isa = PBXBuildFile; fileRef = 1D63E4A81C922CE900D8863B /* Main.storyboard */; };
		1D63E4AC1C922CE900D8863B /* Assets.xcassets in Resources */ = {isa = PBXBuildFile; fileRef = 1D63E4AB1C922CE900D8863B /* Assets.xcassets */; };
		391A24171CCF253B00884A27 /* CryptoSwift.framework in Frameworks */ = {isa = PBXBuildFile; fileRef = 391A24151CCF245500884A27 /* CryptoSwift.framework */; };
		391A24181CCF253B00884A27 /* CryptoSwift.framework in Embed Frameworks */ = {isa = PBXBuildFile; fileRef = 391A24151CCF245500884A27 /* CryptoSwift.framework */; settings = {ATTRIBUTES = (CodeSignOnCopy, RemoveHeadersOnCopy, ); }; };
		391A241E1CCF31F800884A27 /* TestViewController.swift in Sources */ = {isa = PBXBuildFile; fileRef = 391A241C1CCF31F800884A27 /* TestViewController.swift */; };
		391A241F1CCF31F800884A27 /* TestViewController.xib in Resources */ = {isa = PBXBuildFile; fileRef = 391A241D1CCF31F800884A27 /* TestViewController.xib */; };
		39579E231CD821C800E0ED6D /* MemberCell.xib in Resources */ = {isa = PBXBuildFile; fileRef = 39579E211CD821C800E0ED6D /* MemberCell.xib */; };
		39579E241CD821C800E0ED6D /* MemberCell.swift in Sources */ = {isa = PBXBuildFile; fileRef = 39579E221CD821C800E0ED6D /* MemberCell.swift */; };
		396CC9F81CCED67A00E4AC1D /* CreateViewController.xib in Resources */ = {isa = PBXBuildFile; fileRef = 396CC9F61CCED67A00E4AC1D /* CreateViewController.xib */; };
		396CC9FB1CCED6E200E4AC1D /* LoginViewController.xib in Resources */ = {isa = PBXBuildFile; fileRef = 396CC9FA1CCED6E200E4AC1D /* LoginViewController.xib */; };
		397784E11CD3E72F000F7600 /* StorageManager.swift in Sources */ = {isa = PBXBuildFile; fileRef = 397784E01CD3E72F000F7600 /* StorageManager.swift */; };
		397784F11CD3E91A000F7600 /* SummaryTableViewController.swift in Sources */ = {isa = PBXBuildFile; fileRef = 397784E91CD3E8FC000F7600 /* SummaryTableViewController.swift */; };
		397784F21CD3E91A000F7600 /* SummaryNavViewController.swift in Sources */ = {isa = PBXBuildFile; fileRef = 397784EB1CD3E8FC000F7600 /* SummaryNavViewController.swift */; };
		39AB43A61CC9AAAA004F9937 /* Bolts.framework in Frameworks */ = {isa = PBXBuildFile; fileRef = 39AB43A41CC9AAAA004F9937 /* Bolts.framework */; };
		39AB43A71CC9AAAA004F9937 /* Parse.framework in Frameworks */ = {isa = PBXBuildFile; fileRef = 39AB43A51CC9AAAA004F9937 /* Parse.framework */; };
		39AB43B21CC9AB9E004F9937 /* AudioToolbox.framework in Frameworks */ = {isa = PBXBuildFile; fileRef = 39AB43A81CC9AB9E004F9937 /* AudioToolbox.framework */; };
		39AB43B31CC9AB9E004F9937 /* CFNetwork.framework in Frameworks */ = {isa = PBXBuildFile; fileRef = 39AB43A91CC9AB9E004F9937 /* CFNetwork.framework */; };
		39AB43B41CC9AB9E004F9937 /* CoreGraphics.framework in Frameworks */ = {isa = PBXBuildFile; fileRef = 39AB43AA1CC9AB9E004F9937 /* CoreGraphics.framework */; };
		39AB43B51CC9AB9F004F9937 /* CoreLocation.framework in Frameworks */ = {isa = PBXBuildFile; fileRef = 39AB43AB1CC9AB9E004F9937 /* CoreLocation.framework */; };
		39AB43B61CC9AB9F004F9937 /* libsqlite3.tbd in Frameworks */ = {isa = PBXBuildFile; fileRef = 39AB43AC1CC9AB9E004F9937 /* libsqlite3.tbd */; };
		39AB43B71CC9AB9F004F9937 /* libz.tbd in Frameworks */ = {isa = PBXBuildFile; fileRef = 39AB43AD1CC9AB9E004F9937 /* libz.tbd */; };
		39AB43B81CC9AB9F004F9937 /* QuartzCore.framework in Frameworks */ = {isa = PBXBuildFile; fileRef = 39AB43AE1CC9AB9E004F9937 /* QuartzCore.framework */; };
		39AB43B91CC9AB9F004F9937 /* Security.framework in Frameworks */ = {isa = PBXBuildFile; fileRef = 39AB43AF1CC9AB9E004F9937 /* Security.framework */; };
		39AB43BA1CC9AB9F004F9937 /* StoreKit.framework in Frameworks */ = {isa = PBXBuildFile; fileRef = 39AB43B01CC9AB9E004F9937 /* StoreKit.framework */; };
		39AB43BB1CC9AB9F004F9937 /* SystemConfiguration.framework in Frameworks */ = {isa = PBXBuildFile; fileRef = 39AB43B11CC9AB9E004F9937 /* SystemConfiguration.framework */; };
		39B6398D1CD41DF2002269A8 /* VariableManager.swift in Sources */ = {isa = PBXBuildFile; fileRef = 39B6398C1CD41DF2002269A8 /* VariableManager.swift */; };
		39B6398F1CD4228C002269A8 /* NetworkManager.swift in Sources */ = {isa = PBXBuildFile; fileRef = 39B6398E1CD4228C002269A8 /* NetworkManager.swift */; };
		39BFF4071CAF03B700CCA5D3 /* SettingsViewController.xib in Resources */ = {isa = PBXBuildFile; fileRef = 39BFF4051CAF03B700CCA5D3 /* SettingsViewController.xib */; };
		39CA4A351CCEE16D00FC15A8 /* AppDelegate.swift in Sources */ = {isa = PBXBuildFile; fileRef = 1D63E4A41C922CE900D8863B /* AppDelegate.swift */; };
		39CA4A361CCEE17800FC15A8 /* CreateViewController.swift in Sources */ = {isa = PBXBuildFile; fileRef = 3978787F1CC9EA410052DF04 /* CreateViewController.swift */; };
		39CA4A371CCEE17800FC15A8 /* CreateViewController.xib in Sources */ = {isa = PBXBuildFile; fileRef = 396CC9F61CCED67A00E4AC1D /* CreateViewController.xib */; };
		39CA4A381CCEE17800FC15A8 /* LoginViewController.swift in Sources */ = {isa = PBXBuildFile; fileRef = 39AB43C41CC9CB3B004F9937 /* LoginViewController.swift */; };
		39CA4A391CCEE17800FC15A8 /* LoginViewController.xib in Sources */ = {isa = PBXBuildFile; fileRef = 396CC9FA1CCED6E200E4AC1D /* LoginViewController.xib */; };
		39CA4A3A1CCEE17800FC15A8 /* SettingsViewController.swift in Sources */ = {isa = PBXBuildFile; fileRef = 39BFF4001CAF007200CCA5D3 /* SettingsViewController.swift */; };
		39CA4A3B1CCEE17800FC15A8 /* SettingsViewController.xib in Sources */ = {isa = PBXBuildFile; fileRef = 39BFF4051CAF03B700CCA5D3 /* SettingsViewController.xib */; };
		39CA4A3D1CCEE17800FC15A8 /* TabViewController.swift in Sources */ = {isa = PBXBuildFile; fileRef = 397EBAB21CCEA26500E2A56B /* TabViewController.swift */; };
		39CA4A3E1CCEE17800FC15A8 /* Transaction.swift in Sources */ = {isa = PBXBuildFile; fileRef = 1D63E4DE1C937E9300D8863B /* Transaction.swift */; };
		39CA4A451CCEF11600FC15A8 /* NewBillViewController.swift in Sources */ = {isa = PBXBuildFile; fileRef = 39CA4A431CCEF11600FC15A8 /* NewBillViewController.swift */; };
		39CA4A461CCEF11600FC15A8 /* NewBillViewController.xib in Resources */ = {isa = PBXBuildFile; fileRef = 39CA4A441CCEF11600FC15A8 /* NewBillViewController.xib */; };
		39DEB6AE1CD7DC8400BA0440 /* MeViewController.swift in Sources */ = {isa = PBXBuildFile; fileRef = 39DEB6AC1CD7DC8400BA0440 /* MeViewController.swift */; };
		39DEB6AF1CD7DC8400BA0440 /* MeViewController.xib in Resources */ = {isa = PBXBuildFile; fileRef = 39DEB6AD1CD7DC8400BA0440 /* MeViewController.xib */; };
/* End PBXBuildFile section */

/* Begin PBXContainerItemProxy section */
		1D63E4B61C922CEA00D8863B /* PBXContainerItemProxy */ = {
			isa = PBXContainerItemProxy;
			containerPortal = 1D63E4991C922CE900D8863B /* Project object */;
			proxyType = 1;
			remoteGlobalIDString = 1D63E4A01C922CE900D8863B;
			remoteInfo = p2;
		};
		1D63E4C11C922CEA00D8863B /* PBXContainerItemProxy */ = {
			isa = PBXContainerItemProxy;
			containerPortal = 1D63E4991C922CE900D8863B /* Project object */;
			proxyType = 1;
			remoteGlobalIDString = 1D63E4A01C922CE900D8863B;
			remoteInfo = p2;
		};
/* End PBXContainerItemProxy section */

/* Begin PBXCopyFilesBuildPhase section */
		391A24191CCF253B00884A27 /* Embed Frameworks */ = {
			isa = PBXCopyFilesBuildPhase;
			buildActionMask = 2147483647;
			dstPath = "";
			dstSubfolderSpec = 10;
			files = (
				391A24181CCF253B00884A27 /* CryptoSwift.framework in Embed Frameworks */,
			);
			name = "Embed Frameworks";
			runOnlyForDeploymentPostprocessing = 0;
		};
/* End PBXCopyFilesBuildPhase section */

/* Begin PBXFileReference section */
		1D63E4A11C922CE900D8863B /* BillSplitter.app */ = {isa = PBXFileReference; explicitFileType = wrapper.application; includeInIndex = 0; path = BillSplitter.app; sourceTree = BUILT_PRODUCTS_DIR; };
		1D63E4A41C922CE900D8863B /* AppDelegate.swift */ = {isa = PBXFileReference; lastKnownFileType = sourcecode.swift; path = AppDelegate.swift; sourceTree = "<group>"; };
		1D63E4A91C922CE900D8863B /* Base */ = {isa = PBXFileReference; lastKnownFileType = file.storyboard; name = Base; path = Base.lproj/Main.storyboard; sourceTree = "<group>"; };
		1D63E4AB1C922CE900D8863B /* Assets.xcassets */ = {isa = PBXFileReference; lastKnownFileType = folder.assetcatalog; name = Assets.xcassets; path = ../BillSplitter/Assets.xcassets; sourceTree = "<group>"; };
		1D63E4B01C922CE900D8863B /* Info.plist */ = {isa = PBXFileReference; lastKnownFileType = text.plist.xml; name = Info.plist; path = ../BillSplitter/Info.plist; sourceTree = "<group>"; };
		1D63E4B51C922CEA00D8863B /* BillSplitter.xctest */ = {isa = PBXFileReference; explicitFileType = wrapper.cfbundle; includeInIndex = 0; path = BillSplitter.xctest; sourceTree = BUILT_PRODUCTS_DIR; };
		1D63E4C01C922CEA00D8863B /* BillSplitter.xctest */ = {isa = PBXFileReference; explicitFileType = wrapper.cfbundle; includeInIndex = 0; path = BillSplitter.xctest; sourceTree = BUILT_PRODUCTS_DIR; };
		1D63E4DE1C937E9300D8863B /* Transaction.swift */ = {isa = PBXFileReference; fileEncoding = 4; lastKnownFileType = sourcecode.swift; name = Transaction.swift; path = ../BillSplitter/Transaction.swift; sourceTree = "<group>"; };
		391A24151CCF245500884A27 /* CryptoSwift.framework */ = {isa = PBXFileReference; lastKnownFileType = wrapper.framework; path = CryptoSwift.framework; sourceTree = "<group>"; };
		391A241C1CCF31F800884A27 /* TestViewController.swift */ = {isa = PBXFileReference; fileEncoding = 4; lastKnownFileType = sourcecode.swift; path = TestViewController.swift; sourceTree = "<group>"; };
		391A241D1CCF31F800884A27 /* TestViewController.xib */ = {isa = PBXFileReference; fileEncoding = 4; lastKnownFileType = file.xib; path = TestViewController.xib; sourceTree = "<group>"; };
		39579E211CD821C800E0ED6D /* MemberCell.xib */ = {isa = PBXFileReference; fileEncoding = 4; lastKnownFileType = file.xib; path = MemberCell.xib; sourceTree = "<group>"; };
		39579E221CD821C800E0ED6D /* MemberCell.swift */ = {isa = PBXFileReference; fileEncoding = 4; lastKnownFileType = sourcecode.swift; path = MemberCell.swift; sourceTree = "<group>"; };
		396CC9F61CCED67A00E4AC1D /* CreateViewController.xib */ = {isa = PBXFileReference; fileEncoding = 4; lastKnownFileType = file.xib; name = CreateViewController.xib; path = BillSplitter/CreateViewController.xib; sourceTree = SOURCE_ROOT; };
		396CC9FA1CCED6E200E4AC1D /* LoginViewController.xib */ = {isa = PBXFileReference; fileEncoding = 4; lastKnownFileType = file.xib; name = LoginViewController.xib; path = BillSplitter/LoginViewController.xib; sourceTree = SOURCE_ROOT; };
		397784E01CD3E72F000F7600 /* StorageManager.swift */ = {isa = PBXFileReference; fileEncoding = 4; lastKnownFileType = sourcecode.swift; path = StorageManager.swift; sourceTree = "<group>"; };
		397784E91CD3E8FC000F7600 /* SummaryTableViewController.swift */ = {isa = PBXFileReference; fileEncoding = 4; lastKnownFileType = sourcecode.swift; path = SummaryTableViewController.swift; sourceTree = "<group>"; };
		397784EB1CD3E8FC000F7600 /* SummaryNavViewController.swift */ = {isa = PBXFileReference; fileEncoding = 4; lastKnownFileType = sourcecode.swift; path = SummaryNavViewController.swift; sourceTree = "<group>"; };
		3978787F1CC9EA410052DF04 /* CreateViewController.swift */ = {isa = PBXFileReference; fileEncoding = 4; lastKnownFileType = sourcecode.swift; name = CreateViewController.swift; path = ../BillSplitter/CreateViewController.swift; sourceTree = "<group>"; };
		397EBAB21CCEA26500E2A56B /* TabViewController.swift */ = {isa = PBXFileReference; fileEncoding = 4; lastKnownFileType = sourcecode.swift; name = TabViewController.swift; path = ../BillSplitter/TabViewController.swift; sourceTree = "<group>"; };
		39AB43A41CC9AAAA004F9937 /* Bolts.framework */ = {isa = PBXFileReference; lastKnownFileType = wrapper.framework; path = Bolts.framework; sourceTree = "<group>"; };
		39AB43A51CC9AAAA004F9937 /* Parse.framework */ = {isa = PBXFileReference; lastKnownFileType = wrapper.framework; path = Parse.framework; sourceTree = "<group>"; };
		39AB43A81CC9AB9E004F9937 /* AudioToolbox.framework */ = {isa = PBXFileReference; lastKnownFileType = wrapper.framework; name = AudioToolbox.framework; path = System/Library/Frameworks/AudioToolbox.framework; sourceTree = SDKROOT; };
		39AB43A91CC9AB9E004F9937 /* CFNetwork.framework */ = {isa = PBXFileReference; lastKnownFileType = wrapper.framework; name = CFNetwork.framework; path = System/Library/Frameworks/CFNetwork.framework; sourceTree = SDKROOT; };
		39AB43AA1CC9AB9E004F9937 /* CoreGraphics.framework */ = {isa = PBXFileReference; lastKnownFileType = wrapper.framework; name = CoreGraphics.framework; path = System/Library/Frameworks/CoreGraphics.framework; sourceTree = SDKROOT; };
		39AB43AB1CC9AB9E004F9937 /* CoreLocation.framework */ = {isa = PBXFileReference; lastKnownFileType = wrapper.framework; name = CoreLocation.framework; path = System/Library/Frameworks/CoreLocation.framework; sourceTree = SDKROOT; };
		39AB43AC1CC9AB9E004F9937 /* libsqlite3.tbd */ = {isa = PBXFileReference; lastKnownFileType = "sourcecode.text-based-dylib-definition"; name = libsqlite3.tbd; path = usr/lib/libsqlite3.tbd; sourceTree = SDKROOT; };
		39AB43AD1CC9AB9E004F9937 /* libz.tbd */ = {isa = PBXFileReference; lastKnownFileType = "sourcecode.text-based-dylib-definition"; name = libz.tbd; path = usr/lib/libz.tbd; sourceTree = SDKROOT; };
		39AB43AE1CC9AB9E004F9937 /* QuartzCore.framework */ = {isa = PBXFileReference; lastKnownFileType = wrapper.framework; name = QuartzCore.framework; path = System/Library/Frameworks/QuartzCore.framework; sourceTree = SDKROOT; };
		39AB43AF1CC9AB9E004F9937 /* Security.framework */ = {isa = PBXFileReference; lastKnownFileType = wrapper.framework; name = Security.framework; path = System/Library/Frameworks/Security.framework; sourceTree = SDKROOT; };
		39AB43B01CC9AB9E004F9937 /* StoreKit.framework */ = {isa = PBXFileReference; lastKnownFileType = wrapper.framework; name = StoreKit.framework; path = System/Library/Frameworks/StoreKit.framework; sourceTree = SDKROOT; };
		39AB43B11CC9AB9E004F9937 /* SystemConfiguration.framework */ = {isa = PBXFileReference; lastKnownFileType = wrapper.framework; name = SystemConfiguration.framework; path = System/Library/Frameworks/SystemConfiguration.framework; sourceTree = SDKROOT; };
		39AB43C41CC9CB3B004F9937 /* LoginViewController.swift */ = {isa = PBXFileReference; fileEncoding = 4; lastKnownFileType = sourcecode.swift; name = LoginViewController.swift; path = ../BillSplitter/LoginViewController.swift; sourceTree = "<group>"; };
		39B6398C1CD41DF2002269A8 /* VariableManager.swift */ = {isa = PBXFileReference; fileEncoding = 4; lastKnownFileType = sourcecode.swift; path = VariableManager.swift; sourceTree = "<group>"; };
		39B6398E1CD4228C002269A8 /* NetworkManager.swift */ = {isa = PBXFileReference; fileEncoding = 4; lastKnownFileType = sourcecode.swift; path = NetworkManager.swift; sourceTree = "<group>"; };
		39BFF4001CAF007200CCA5D3 /* SettingsViewController.swift */ = {isa = PBXFileReference; fileEncoding = 4; lastKnownFileType = sourcecode.swift; name = SettingsViewController.swift; path = ../BillSplitter/SettingsViewController.swift; sourceTree = "<group>"; };
		39BFF4051CAF03B700CCA5D3 /* SettingsViewController.xib */ = {isa = PBXFileReference; fileEncoding = 4; lastKnownFileType = file.xib; name = SettingsViewController.xib; path = ../BillSplitter/SettingsViewController.xib; sourceTree = "<group>"; };
		39CA4A431CCEF11600FC15A8 /* NewBillViewController.swift */ = {isa = PBXFileReference; fileEncoding = 4; lastKnownFileType = sourcecode.swift; path = NewBillViewController.swift; sourceTree = "<group>"; };
		39CA4A441CCEF11600FC15A8 /* NewBillViewController.xib */ = {isa = PBXFileReference; fileEncoding = 4; lastKnownFileType = file.xib; path = NewBillViewController.xib; sourceTree = "<group>"; };
		39DEB6AC1CD7DC8400BA0440 /* MeViewController.swift */ = {isa = PBXFileReference; fileEncoding = 4; lastKnownFileType = sourcecode.swift; path = MeViewController.swift; sourceTree = "<group>"; };
		39DEB6AD1CD7DC8400BA0440 /* MeViewController.xib */ = {isa = PBXFileReference; fileEncoding = 4; lastKnownFileType = file.xib; path = MeViewController.xib; sourceTree = "<group>"; };
/* End PBXFileReference section */

/* Begin PBXFrameworksBuildPhase section */
		1D63E49E1C922CE900D8863B /* Frameworks */ = {
			isa = PBXFrameworksBuildPhase;
			buildActionMask = 2147483647;
			files = (
				39AB43B21CC9AB9E004F9937 /* AudioToolbox.framework in Frameworks */,
				39AB43B31CC9AB9E004F9937 /* CFNetwork.framework in Frameworks */,
				39AB43B41CC9AB9E004F9937 /* CoreGraphics.framework in Frameworks */,
				39AB43B51CC9AB9F004F9937 /* CoreLocation.framework in Frameworks */,
				391A24171CCF253B00884A27 /* CryptoSwift.framework in Frameworks */,
				39AB43B61CC9AB9F004F9937 /* libsqlite3.tbd in Frameworks */,
				39AB43B71CC9AB9F004F9937 /* libz.tbd in Frameworks */,
				39AB43B81CC9AB9F004F9937 /* QuartzCore.framework in Frameworks */,
				39AB43B91CC9AB9F004F9937 /* Security.framework in Frameworks */,
				39AB43BA1CC9AB9F004F9937 /* StoreKit.framework in Frameworks */,
				39AB43BB1CC9AB9F004F9937 /* SystemConfiguration.framework in Frameworks */,
				39AB43A71CC9AAAA004F9937 /* Parse.framework in Frameworks */,
				39AB43A61CC9AAAA004F9937 /* Bolts.framework in Frameworks */,
			);
			runOnlyForDeploymentPostprocessing = 0;
		};
		1D63E4B21C922CEA00D8863B /* Frameworks */ = {
			isa = PBXFrameworksBuildPhase;
			buildActionMask = 2147483647;
			files = (
			);
			runOnlyForDeploymentPostprocessing = 0;
		};
		1D63E4BD1C922CEA00D8863B /* Frameworks */ = {
			isa = PBXFrameworksBuildPhase;
			buildActionMask = 2147483647;
			files = (
			);
			runOnlyForDeploymentPostprocessing = 0;
		};
/* End PBXFrameworksBuildPhase section */

/* Begin PBXGroup section */
		1D63E4981C922CE900D8863B = {
			isa = PBXGroup;
			children = (
				391A24151CCF245500884A27 /* CryptoSwift.framework */,
				39AB43A81CC9AB9E004F9937 /* AudioToolbox.framework */,
				39AB43A91CC9AB9E004F9937 /* CFNetwork.framework */,
				39AB43AA1CC9AB9E004F9937 /* CoreGraphics.framework */,
				39AB43AB1CC9AB9E004F9937 /* CoreLocation.framework */,
				39AB43AC1CC9AB9E004F9937 /* libsqlite3.tbd */,
				39AB43AD1CC9AB9E004F9937 /* libz.tbd */,
				39AB43AE1CC9AB9E004F9937 /* QuartzCore.framework */,
				39AB43AF1CC9AB9E004F9937 /* Security.framework */,
				39AB43B01CC9AB9E004F9937 /* StoreKit.framework */,
				39AB43B11CC9AB9E004F9937 /* SystemConfiguration.framework */,
				39AB43A41CC9AAAA004F9937 /* Bolts.framework */,
				39AB43A51CC9AAAA004F9937 /* Parse.framework */,
				1D63E4A31C922CE900D8863B /* BillSplitter */,
				1D63E4A21C922CE900D8863B /* Products */,
			);
			sourceTree = "<group>";
		};
		1D63E4A21C922CE900D8863B /* Products */ = {
			isa = PBXGroup;
			children = (
				1D63E4A11C922CE900D8863B /* BillSplitter.app */,
				1D63E4B51C922CEA00D8863B /* BillSplitter.xctest */,
				1D63E4C01C922CEA00D8863B /* BillSplitter.xctest */,
			);
			name = Products;
			sourceTree = "<group>";
		};
		1D63E4A31C922CE900D8863B /* BillSplitter */ = {
			isa = PBXGroup;
			children = (
				397784E81CD3E8E7000F7600 /* Summary */,
				1D63E4A41C922CE900D8863B /* AppDelegate.swift */,
				1D63E4AB1C922CE900D8863B /* Assets.xcassets */,
				3978787F1CC9EA410052DF04 /* CreateViewController.swift */,
				396CC9F61CCED67A00E4AC1D /* CreateViewController.xib */,
				1D63E4B01C922CE900D8863B /* Info.plist */,
				39AB43C41CC9CB3B004F9937 /* LoginViewController.swift */,
				396CC9FA1CCED6E200E4AC1D /* LoginViewController.xib */,
				1D63E4A81C922CE900D8863B /* Main.storyboard */,
				39CA4A431CCEF11600FC15A8 /* NewBillViewController.swift */,
				39CA4A441CCEF11600FC15A8 /* NewBillViewController.xib */,
				39BFF4001CAF007200CCA5D3 /* SettingsViewController.swift */,
				39BFF4051CAF03B700CCA5D3 /* SettingsViewController.xib */,
				397EBAB21CCEA26500E2A56B /* TabViewController.swift */,
				391A241C1CCF31F800884A27 /* TestViewController.swift */,
				391A241D1CCF31F800884A27 /* TestViewController.xib */,
				1D63E4DE1C937E9300D8863B /* Transaction.swift */,
				397784E01CD3E72F000F7600 /* StorageManager.swift */,
				39B6398C1CD41DF2002269A8 /* VariableManager.swift */,
				39B6398E1CD4228C002269A8 /* NetworkManager.swift */,
				39DEB6AC1CD7DC8400BA0440 /* MeViewController.swift */,
				39DEB6AD1CD7DC8400BA0440 /* MeViewController.xib */,
			);
			path = BillSplitter;
			sourceTree = "<group>";
		};
		397784E81CD3E8E7000F7600 /* Summary */ = {
			isa = PBXGroup;
			children = (
				39579E211CD821C800E0ED6D /* MemberCell.xib */,
				39579E221CD821C800E0ED6D /* MemberCell.swift */,
				397784E91CD3E8FC000F7600 /* SummaryTableViewController.swift */,
				397784EB1CD3E8FC000F7600 /* SummaryNavViewController.swift */,
			);
			name = Summary;
			sourceTree = "<group>";
		};
/* End PBXGroup section */

/* Begin PBXNativeTarget section */
		1D63E4A01C922CE900D8863B /* BillSplitter */ = {
			isa = PBXNativeTarget;
			buildConfigurationList = 1D63E4C91C922CEA00D8863B /* Build configuration list for PBXNativeTarget "BillSplitter" */;
			buildPhases = (
				1D63E49D1C922CE900D8863B /* Sources */,
				1D63E49E1C922CE900D8863B /* Frameworks */,
				1D63E49F1C922CE900D8863B /* Resources */,
				391A24191CCF253B00884A27 /* Embed Frameworks */,
			);
			buildRules = (
			);
			dependencies = (
			);
			name = BillSplitter;
			productName = p2;
			productReference = 1D63E4A11C922CE900D8863B /* BillSplitter.app */;
			productType = "com.apple.product-type.application";
		};
		1D63E4B41C922CEA00D8863B /* BillSplitterTests */ = {
			isa = PBXNativeTarget;
			buildConfigurationList = 1D63E4CC1C922CEA00D8863B /* Build configuration list for PBXNativeTarget "BillSplitterTests" */;
			buildPhases = (
				1D63E4B11C922CEA00D8863B /* Sources */,
				1D63E4B21C922CEA00D8863B /* Frameworks */,
				1D63E4B31C922CEA00D8863B /* Resources */,
			);
			buildRules = (
			);
			dependencies = (
				1D63E4B71C922CEA00D8863B /* PBXTargetDependency */,
			);
			name = BillSplitterTests;
			productName = p2Tests;
			productReference = 1D63E4B51C922CEA00D8863B /* BillSplitter.xctest */;
			productType = "com.apple.product-type.bundle.unit-test";
		};
		1D63E4BF1C922CEA00D8863B /* BillSplitterUITests */ = {
			isa = PBXNativeTarget;
			buildConfigurationList = 1D63E4CF1C922CEA00D8863B /* Build configuration list for PBXNativeTarget "BillSplitterUITests" */;
			buildPhases = (
				1D63E4BC1C922CEA00D8863B /* Sources */,
				1D63E4BD1C922CEA00D8863B /* Frameworks */,
				1D63E4BE1C922CEA00D8863B /* Resources */,
			);
			buildRules = (
			);
			dependencies = (
				1D63E4C21C922CEA00D8863B /* PBXTargetDependency */,
			);
			name = BillSplitterUITests;
			productName = p2UITests;
			productReference = 1D63E4C01C922CEA00D8863B /* BillSplitter.xctest */;
			productType = "com.apple.product-type.bundle.ui-testing";
		};
/* End PBXNativeTarget section */

/* Begin PBXProject section */
		1D63E4991C922CE900D8863B /* Project object */ = {
			isa = PBXProject;
			attributes = {
				LastSwiftUpdateCheck = 0720;
				LastUpgradeCheck = 0720;
				ORGANIZATIONNAME = "Davis Mariotti";
				TargetAttributes = {
					1D63E4A01C922CE900D8863B = {
						CreatedOnToolsVersion = 7.2.1;
					};
					1D63E4B41C922CEA00D8863B = {
						CreatedOnToolsVersion = 7.2.1;
						TestTargetID = 1D63E4A01C922CE900D8863B;
					};
					1D63E4BF1C922CEA00D8863B = {
						CreatedOnToolsVersion = 7.2.1;
						TestTargetID = 1D63E4A01C922CE900D8863B;
					};
				};
			};
			buildConfigurationList = 1D63E49C1C922CE900D8863B /* Build configuration list for PBXProject "BillSplitter" */;
			compatibilityVersion = "Xcode 3.2";
			developmentRegion = English;
			hasScannedForEncodings = 0;
			knownRegions = (
				en,
				Base,
			);
			mainGroup = 1D63E4981C922CE900D8863B;
			productRefGroup = 1D63E4A21C922CE900D8863B /* Products */;
			projectDirPath = "";
			projectRoot = "";
			targets = (
				1D63E4A01C922CE900D8863B /* BillSplitter */,
				1D63E4B41C922CEA00D8863B /* BillSplitterTests */,
				1D63E4BF1C922CEA00D8863B /* BillSplitterUITests */,
			);
		};
/* End PBXProject section */

/* Begin PBXResourcesBuildPhase section */
		1D63E49F1C922CE900D8863B /* Resources */ = {
			isa = PBXResourcesBuildPhase;
			buildActionMask = 2147483647;
			files = (
				39DEB6AF1CD7DC8400BA0440 /* MeViewController.xib in Resources */,
				39579E231CD821C800E0ED6D /* MemberCell.xib in Resources */,
				396CC9FB1CCED6E200E4AC1D /* LoginViewController.xib in Resources */,
				396CC9F81CCED67A00E4AC1D /* CreateViewController.xib in Resources */,
				1D63E4AC1C922CE900D8863B /* Assets.xcassets in Resources */,
				1D63E4AA1C922CE900D8863B /* Main.storyboard in Resources */,
				39CA4A461CCEF11600FC15A8 /* NewBillViewController.xib in Resources */,
				391A241F1CCF31F800884A27 /* TestViewController.xib in Resources */,
				39BFF4071CAF03B700CCA5D3 /* SettingsViewController.xib in Resources */,
			);
			runOnlyForDeploymentPostprocessing = 0;
		};
		1D63E4B31C922CEA00D8863B /* Resources */ = {
			isa = PBXResourcesBuildPhase;
			buildActionMask = 2147483647;
			files = (
			);
			runOnlyForDeploymentPostprocessing = 0;
		};
		1D63E4BE1C922CEA00D8863B /* Resources */ = {
			isa = PBXResourcesBuildPhase;
			buildActionMask = 2147483647;
			files = (
			);
			runOnlyForDeploymentPostprocessing = 0;
		};
/* End PBXResourcesBuildPhase section */

/* Begin PBXSourcesBuildPhase section */
		1D63E49D1C922CE900D8863B /* Sources */ = {
			isa = PBXSourcesBuildPhase;
			buildActionMask = 2147483647;
			files = (
				39DEB6AE1CD7DC8400BA0440 /* MeViewController.swift in Sources */,
				397784F11CD3E91A000F7600 /* SummaryTableViewController.swift in Sources */,
				39B6398D1CD41DF2002269A8 /* VariableManager.swift in Sources */,
				397784F21CD3E91A000F7600 /* SummaryNavViewController.swift in Sources */,
				39CA4A361CCEE17800FC15A8 /* CreateViewController.swift in Sources */,
				39CA4A371CCEE17800FC15A8 /* CreateViewController.xib in Sources */,
				391A241E1CCF31F800884A27 /* TestViewController.swift in Sources */,
				39CA4A451CCEF11600FC15A8 /* NewBillViewController.swift in Sources */,
				39CA4A381CCEE17800FC15A8 /* LoginViewController.swift in Sources */,
				39579E241CD821C800E0ED6D /* MemberCell.swift in Sources */,
				39CA4A391CCEE17800FC15A8 /* LoginViewController.xib in Sources */,
				39B6398F1CD4228C002269A8 /* NetworkManager.swift in Sources */,
				39CA4A3A1CCEE17800FC15A8 /* SettingsViewController.swift in Sources */,
				39CA4A3B1CCEE17800FC15A8 /* SettingsViewController.xib in Sources */,
				39CA4A3D1CCEE17800FC15A8 /* TabViewController.swift in Sources */,
				39CA4A3E1CCEE17800FC15A8 /* Transaction.swift in Sources */,
				397784E11CD3E72F000F7600 /* StorageManager.swift in Sources */,
				39CA4A351CCEE16D00FC15A8 /* AppDelegate.swift in Sources */,
			);
			runOnlyForDeploymentPostprocessing = 0;
		};
		1D63E4B11C922CEA00D8863B /* Sources */ = {
			isa = PBXSourcesBuildPhase;
			buildActionMask = 2147483647;
			files = (
			);
			runOnlyForDeploymentPostprocessing = 0;
		};
		1D63E4BC1C922CEA00D8863B /* Sources */ = {
			isa = PBXSourcesBuildPhase;
			buildActionMask = 2147483647;
			files = (
			);
			runOnlyForDeploymentPostprocessing = 0;
		};
/* End PBXSourcesBuildPhase section */

/* Begin PBXTargetDependency section */
		1D63E4B71C922CEA00D8863B /* PBXTargetDependency */ = {
			isa = PBXTargetDependency;
			target = 1D63E4A01C922CE900D8863B /* BillSplitter */;
			targetProxy = 1D63E4B61C922CEA00D8863B /* PBXContainerItemProxy */;
		};
		1D63E4C21C922CEA00D8863B /* PBXTargetDependency */ = {
			isa = PBXTargetDependency;
			target = 1D63E4A01C922CE900D8863B /* BillSplitter */;
			targetProxy = 1D63E4C11C922CEA00D8863B /* PBXContainerItemProxy */;
		};
/* End PBXTargetDependency section */

/* Begin PBXVariantGroup section */
		1D63E4A81C922CE900D8863B /* Main.storyboard */ = {
			isa = PBXVariantGroup;
			children = (
				1D63E4A91C922CE900D8863B /* Base */,
			);
			name = Main.storyboard;
			sourceTree = "<group>";
		};
/* End PBXVariantGroup section */

/* Begin XCBuildConfiguration section */
		1D63E4C71C922CEA00D8863B /* Debug */ = {
			isa = XCBuildConfiguration;
			buildSettings = {
				ALWAYS_SEARCH_USER_PATHS = NO;
				CLANG_CXX_LANGUAGE_STANDARD = "gnu++0x";
				CLANG_CXX_LIBRARY = "libc++";
				CLANG_ENABLE_MODULES = YES;
				CLANG_ENABLE_OBJC_ARC = YES;
				CLANG_WARN_BOOL_CONVERSION = YES;
				CLANG_WARN_CONSTANT_CONVERSION = YES;
				CLANG_WARN_DIRECT_OBJC_ISA_USAGE = YES_ERROR;
				CLANG_WARN_EMPTY_BODY = YES;
				CLANG_WARN_ENUM_CONVERSION = YES;
				CLANG_WARN_INT_CONVERSION = YES;
				CLANG_WARN_OBJC_ROOT_CLASS = YES_ERROR;
				CLANG_WARN_UNREACHABLE_CODE = YES;
				CLANG_WARN__DUPLICATE_METHOD_MATCH = YES;
				"CODE_SIGN_IDENTITY[sdk=iphoneos*]" = "iPhone Developer";
				COPY_PHASE_STRIP = NO;
				DEBUG_INFORMATION_FORMAT = dwarf;
				ENABLE_STRICT_OBJC_MSGSEND = YES;
				ENABLE_TESTABILITY = YES;
				GCC_C_LANGUAGE_STANDARD = gnu99;
				GCC_DYNAMIC_NO_PIC = NO;
				GCC_NO_COMMON_BLOCKS = YES;
				GCC_OPTIMIZATION_LEVEL = 0;
				GCC_PREPROCESSOR_DEFINITIONS = (
					"DEBUG=1",
					"$(inherited)",
				);
				GCC_WARN_64_TO_32_BIT_CONVERSION = YES;
				GCC_WARN_ABOUT_RETURN_TYPE = YES_ERROR;
				GCC_WARN_UNDECLARED_SELECTOR = YES;
				GCC_WARN_UNINITIALIZED_AUTOS = YES_AGGRESSIVE;
				GCC_WARN_UNUSED_FUNCTION = YES;
				GCC_WARN_UNUSED_VARIABLE = YES;
				IPHONEOS_DEPLOYMENT_TARGET = 9.2;
				MTL_ENABLE_DEBUG_INFO = YES;
				ONLY_ACTIVE_ARCH = YES;
				SDKROOT = iphoneos;
				SWIFT_OPTIMIZATION_LEVEL = "-Onone";
			};
			name = Debug;
		};
		1D63E4C81C922CEA00D8863B /* Release */ = {
			isa = XCBuildConfiguration;
			buildSettings = {
				ALWAYS_SEARCH_USER_PATHS = NO;
				CLANG_CXX_LANGUAGE_STANDARD = "gnu++0x";
				CLANG_CXX_LIBRARY = "libc++";
				CLANG_ENABLE_MODULES = YES;
				CLANG_ENABLE_OBJC_ARC = YES;
				CLANG_WARN_BOOL_CONVERSION = YES;
				CLANG_WARN_CONSTANT_CONVERSION = YES;
				CLANG_WARN_DIRECT_OBJC_ISA_USAGE = YES_ERROR;
				CLANG_WARN_EMPTY_BODY = YES;
				CLANG_WARN_ENUM_CONVERSION = YES;
				CLANG_WARN_INT_CONVERSION = YES;
				CLANG_WARN_OBJC_ROOT_CLASS = YES_ERROR;
				CLANG_WARN_UNREACHABLE_CODE = YES;
				CLANG_WARN__DUPLICATE_METHOD_MATCH = YES;
				"CODE_SIGN_IDENTITY[sdk=iphoneos*]" = "iPhone Developer";
				COPY_PHASE_STRIP = NO;
				DEBUG_INFORMATION_FORMAT = "dwarf-with-dsym";
				ENABLE_NS_ASSERTIONS = NO;
				ENABLE_STRICT_OBJC_MSGSEND = YES;
				GCC_C_LANGUAGE_STANDARD = gnu99;
				GCC_NO_COMMON_BLOCKS = YES;
				GCC_WARN_64_TO_32_BIT_CONVERSION = YES;
				GCC_WARN_ABOUT_RETURN_TYPE = YES_ERROR;
				GCC_WARN_UNDECLARED_SELECTOR = YES;
				GCC_WARN_UNINITIALIZED_AUTOS = YES_AGGRESSIVE;
				GCC_WARN_UNUSED_FUNCTION = YES;
				GCC_WARN_UNUSED_VARIABLE = YES;
				IPHONEOS_DEPLOYMENT_TARGET = 9.2;
				MTL_ENABLE_DEBUG_INFO = NO;
				SDKROOT = iphoneos;
				VALIDATE_PRODUCT = YES;
			};
			name = Release;
		};
		1D63E4CA1C922CEA00D8863B /* Debug */ = {
			isa = XCBuildConfiguration;
			buildSettings = {
				ASSETCATALOG_COMPILER_APPICON_NAME = AppIcon;
				CODE_SIGN_IDENTITY = "iPhone Developer";
				"CODE_SIGN_IDENTITY[sdk=iphoneos*]" = "iPhone Developer";
				FRAMEWORK_SEARCH_PATHS = (
					"$(inherited)",
					"$(PROJECT_DIR)",
				);
				INFOPLIST_FILE = BillSplitter/Info.plist;
				IPHONEOS_DEPLOYMENT_TARGET = 9.0;
				LD_RUNPATH_SEARCH_PATHS = "$(inherited) @executable_path/Frameworks";
				PRODUCT_BUNDLE_IDENTIFIER = info.gomeow;
				PRODUCT_NAME = BillSplitter;
				PROVISIONING_PROFILE = "";
				TARGETED_DEVICE_FAMILY = "1,2";
			};
			name = Debug;
		};
		1D63E4CB1C922CEA00D8863B /* Release */ = {
			isa = XCBuildConfiguration;
			buildSettings = {
				ASSETCATALOG_COMPILER_APPICON_NAME = AppIcon;
				CODE_SIGN_IDENTITY = "iPhone Developer";
				"CODE_SIGN_IDENTITY[sdk=iphoneos*]" = "iPhone Developer";
				FRAMEWORK_SEARCH_PATHS = (
					"$(inherited)",
					"$(PROJECT_DIR)",
				);
				INFOPLIST_FILE = BillSplitter/Info.plist;
				IPHONEOS_DEPLOYMENT_TARGET = 9.0;
				LD_RUNPATH_SEARCH_PATHS = "$(inherited) @executable_path/Frameworks";
				PRODUCT_BUNDLE_IDENTIFIER = info.gomeow;
				PRODUCT_NAME = BillSplitter;
				PROVISIONING_PROFILE = "";
				TARGETED_DEVICE_FAMILY = "1,2";
			};
			name = Release;
		};
		1D63E4CD1C922CEA00D8863B /* Debug */ = {
			isa = XCBuildConfiguration;
			buildSettings = {
				BUNDLE_LOADER = "$(TEST_HOST)";
				INFOPLIST_FILE = p2Tests/Info.plist;
				LD_RUNPATH_SEARCH_PATHS = "$(inherited) @executable_path/Frameworks @loader_path/Frameworks";
				PRODUCT_BUNDLE_IDENTIFIER = asdf.p2Tests;
				PRODUCT_NAME = BillSplitter;
				TEST_HOST = "$(BUILT_PRODUCTS_DIR)/BillSplitter.app/BillSplitter";
			};
			name = Debug;
		};
		1D63E4CE1C922CEA00D8863B /* Release */ = {
			isa = XCBuildConfiguration;
			buildSettings = {
				BUNDLE_LOADER = "$(TEST_HOST)";
				INFOPLIST_FILE = p2Tests/Info.plist;
				LD_RUNPATH_SEARCH_PATHS = "$(inherited) @executable_path/Frameworks @loader_path/Frameworks";
				PRODUCT_BUNDLE_IDENTIFIER = asdf.p2Tests;
				PRODUCT_NAME = BillSplitter;
				TEST_HOST = "$(BUILT_PRODUCTS_DIR)/BillSplitter.app/BillSplitter";
			};
			name = Release;
		};
		1D63E4D01C922CEA00D8863B /* Debug */ = {
			isa = XCBuildConfiguration;
			buildSettings = {
				INFOPLIST_FILE = p2UITests/Info.plist;
				LD_RUNPATH_SEARCH_PATHS = "$(inherited) @executable_path/Frameworks @loader_path/Frameworks";
				PRODUCT_BUNDLE_IDENTIFIER = asdf.p2UITests;
				PRODUCT_NAME = BillSplitter;
				TEST_TARGET_NAME = p2;
				USES_XCTRUNNER = YES;
			};
			name = Debug;
		};
		1D63E4D11C922CEA00D8863B /* Release */ = {
			isa = XCBuildConfiguration;
			buildSettings = {
				INFOPLIST_FILE = p2UITests/Info.plist;
				LD_RUNPATH_SEARCH_PATHS = "$(inherited) @executable_path/Frameworks @loader_path/Frameworks";
				PRODUCT_BUNDLE_IDENTIFIER = asdf.p2UITests;
				PRODUCT_NAME = BillSplitter;
				TEST_TARGET_NAME = p2;
				USES_XCTRUNNER = YES;
			};
			name = Release;
		};
/* End XCBuildConfiguration section */

/* Begin XCConfigurationList section */
		1D63E49C1C922CE900D8863B /* Build configuration list for PBXProject "BillSplitter" */ = {
			isa = XCConfigurationList;
			buildConfigurations = (
				1D63E4C71C922CEA00D8863B /* Debug */,
				1D63E4C81C922CEA00D8863B /* Release */,
			);
			defaultConfigurationIsVisible = 0;
			defaultConfigurationName = Release;
		};
		1D63E4C91C922CEA00D8863B /* Build configuration list for PBXNativeTarget "BillSplitter" */ = {
			isa = XCConfigurationList;
			buildConfigurations = (
				1D63E4CA1C922CEA00D8863B /* Debug */,
				1D63E4CB1C922CEA00D8863B /* Release */,
			);
			defaultConfigurationIsVisible = 0;
			defaultConfigurationName = Release;
		};
		1D63E4CC1C922CEA00D8863B /* Build configuration list for PBXNativeTarget "BillSplitterTests" */ = {
			isa = XCConfigurationList;
			buildConfigurations = (
				1D63E4CD1C922CEA00D8863B /* Debug */,
				1D63E4CE1C922CEA00D8863B /* Release */,
			);
			defaultConfigurationIsVisible = 0;
			defaultConfigurationName = Release;
		};
		1D63E4CF1C922CEA00D8863B /* Build configuration list for PBXNativeTarget "BillSplitterUITests" */ = {
			isa = XCConfigurationList;
			buildConfigurations = (
				1D63E4D01C922CEA00D8863B /* Debug */,
				1D63E4D11C922CEA00D8863B /* Release */,
			);
			defaultConfigurationIsVisible = 0;
			defaultConfigurationName = Release;
		};
/* End XCConfigurationList section */
	};
	rootObject = 1D63E4991C922CE900D8863B /* Project object */;
}
